
Microsoft Visual Studio Solution File, Format Version 12.00
# Visual Studio 15
VisualStudioVersion = 15.0.28307.421
MinimumVisualStudioVersion = 10.0.40219.1
Project("{FAE04EC0-301F-11D3-BF4B-00C04F79EFBC}") = "Tabula PoC", "Tabula PoC\Tabula PoC.csproj", "{B28E9C42-2BF5-4A8E-99C6-CB5B9AB7D961}"
EndProject
Global
	GlobalSection(SolutionConfigurationPlatforms) = preSolution
		Debug|Any CPU = Debug|Any CPU
		Release|Any CPU = Release|Any CPU
	EndGlobalSection
	GlobalSection(ProjectConfigurationPlatforms) = postSolution
		{B28E9C42-2BF5-4A8E-99C6-CB5B9AB7D961}.Debug|Any CPU.ActiveCfg = Debug|Any CPU
		{B28E9C42-2BF5-4A8E-99C6-CB5B9AB7D961}.Debug|Any CPU.Build.0 = Debug|Any CPU
		{B28E9C42-2BF5-4A8E-99C6-CB5B9AB7D961}.Release|Any CPU.ActiveCfg = Release|Any CPU
		{B28E9C42-2BF5-4A8E-99C6-CB5B9AB7D961}.Release|Any CPU.Build.0 = Release|Any CPU
	EndGlobalSection
	GlobalSection(SolutionProperties) = preSolution
		HideSolutionNode = FALSE
	EndGlobalSection
	GlobalSection(ExtensibilityGlobals) = postSolution
		SolutionGuid = {E22DEE0B-C6A4-4E56-B66E-13BF4FFED5A8}
	EndGlobalSection
EndGlobal
