
Microsoft Visual Studio Solution File, Format Version 12.00
# Visual Studio 15
VisualStudioVersion = 15.0.28307.136
MinimumVisualStudioVersion = 10.0.40219.1
Project("{FAE04EC0-301F-11D3-BF4B-00C04F79EFBC}") = "TrapRange PoC", "TrapRange PoC\TrapRange PoC.csproj", "{B5CC39E9-1130-4F6F-B76B-BAEC4DD9D429}"
EndProject
Global
	GlobalSection(SolutionConfigurationPlatforms) = preSolution
		Debug|Any CPU = Debug|Any CPU
		Release|Any CPU = Release|Any CPU
	EndGlobalSection
	GlobalSection(ProjectConfigurationPlatforms) = postSolution
		{B5CC39E9-1130-4F6F-B76B-BAEC4DD9D429}.Debug|Any CPU.ActiveCfg = Debug|Any CPU
		{B5CC39E9-1130-4F6F-B76B-BAEC4DD9D429}.Debug|Any CPU.Build.0 = Debug|Any CPU
		{B5CC39E9-1130-4F6F-B76B-BAEC4DD9D429}.Release|Any CPU.ActiveCfg = Release|Any CPU
		{B5CC39E9-1130-4F6F-B76B-BAEC4DD9D429}.Release|Any CPU.Build.0 = Release|Any CPU
	EndGlobalSection
	GlobalSection(SolutionProperties) = preSolution
		HideSolutionNode = FALSE
	EndGlobalSection
	GlobalSection(ExtensibilityGlobals) = postSolution
		SolutionGuid = {51CD51C9-49DE-45DB-953F-CBC30F9A6347}
	EndGlobalSection
EndGlobal
