
Microsoft Visual Studio Solution File, Format Version 12.00
# Visual Studio 15
VisualStudioVersion = 15.0.28307.421
MinimumVisualStudioVersion = 10.0.40219.1
Project("{FAE04EC0-301F-11D3-BF4B-00C04F79EFBC}") = "Tika PoC", "Tika PoC\Tika PoC.csproj", "{5F9894C7-1AA2-4781-B7FF-49AC3E5577F2}"
EndProject
Global
	GlobalSection(SolutionConfigurationPlatforms) = preSolution
		Debug|Any CPU = Debug|Any CPU
		Release|Any CPU = Release|Any CPU
	EndGlobalSection
	GlobalSection(ProjectConfigurationPlatforms) = postSolution
		{5F9894C7-1AA2-4781-B7FF-49AC3E5577F2}.Debug|Any CPU.ActiveCfg = Debug|Any CPU
		{5F9894C7-1AA2-4781-B7FF-49AC3E5577F2}.Debug|Any CPU.Build.0 = Debug|Any CPU
		{5F9894C7-1AA2-4781-B7FF-49AC3E5577F2}.Release|Any CPU.ActiveCfg = Release|Any CPU
		{5F9894C7-1AA2-4781-B7FF-49AC3E5577F2}.Release|Any CPU.Build.0 = Release|Any CPU
	EndGlobalSection
	GlobalSection(SolutionProperties) = preSolution
		HideSolutionNode = FALSE
	EndGlobalSection
	GlobalSection(ExtensibilityGlobals) = postSolution
		SolutionGuid = {8D42FC50-8DD4-4F37-9417-8B6AD43275EC}
	EndGlobalSection
EndGlobal
