
Microsoft Visual Studio Solution File, Format Version 12.00
# Visual Studio 15
VisualStudioVersion = 15.0.28307.421
MinimumVisualStudioVersion = 10.0.40219.1
Project("{FAE04EC0-301F-11D3-BF4B-00C04F79EFBC}") = "Toxy PoC", "Toxy PoC\Toxy PoC.csproj", "{9426006A-EB71-4CB3-BCEB-377907FA63F3}"
EndProject
Global
	GlobalSection(SolutionConfigurationPlatforms) = preSolution
		Debug|Any CPU = Debug|Any CPU
		Release|Any CPU = Release|Any CPU
	EndGlobalSection
	GlobalSection(ProjectConfigurationPlatforms) = postSolution
		{9426006A-EB71-4CB3-BCEB-377907FA63F3}.Debug|Any CPU.ActiveCfg = Debug|Any CPU
		{9426006A-EB71-4CB3-BCEB-377907FA63F3}.Debug|Any CPU.Build.0 = Debug|Any CPU
		{9426006A-EB71-4CB3-BCEB-377907FA63F3}.Release|Any CPU.ActiveCfg = Release|Any CPU
		{9426006A-EB71-4CB3-BCEB-377907FA63F3}.Release|Any CPU.Build.0 = Release|Any CPU
	EndGlobalSection
	GlobalSection(SolutionProperties) = preSolution
		HideSolutionNode = FALSE
	EndGlobalSection
	GlobalSection(ExtensibilityGlobals) = postSolution
		SolutionGuid = {8ADED1B4-4986-496A-BF27-BA4E65046E35}
	EndGlobalSection
EndGlobal
